
Microsoft Visual Studio Solution File, Format Version 12.00
# Visual Studio Version 17
VisualStudioVersion = 17.6.33801.468
MinimumVisualStudioVersion = 10.0.40219.1
Project("{FAE04EC0-301F-11D3-BF4B-00C04F79EFBC}") = "PIS-1", "PIS-1.csproj", "{6CD6912F-E728-4ED8-BCF1-5FDD5CBA5042}"
EndProject
Global
	GlobalSection(SolutionConfigurationPlatforms) = preSolution
		Debug|Any CPU = Debug|Any CPU
		Release|Any CPU = Release|Any CPU
	EndGlobalSection
	GlobalSection(ProjectConfigurationPlatforms) = postSolution
		{6CD6912F-E728-4ED8-BCF1-5FDD5CBA5042}.Debug|Any CPU.ActiveCfg = Debug|Any CPU
		{6CD6912F-E728-4ED8-BCF1-5FDD5CBA5042}.Debug|Any CPU.Build.0 = Debug|Any CPU
		{6CD6912F-E728-4ED8-BCF1-5FDD5CBA5042}.Release|Any CPU.ActiveCfg = Release|Any CPU
		{6CD6912F-E728-4ED8-BCF1-5FDD5CBA5042}.Release|Any CPU.Build.0 = Release|Any CPU
	EndGlobalSection
	GlobalSection(SolutionProperties) = preSolution
		HideSolutionNode = FALSE
	EndGlobalSection
	GlobalSection(ExtensibilityGlobals) = postSolution
		SolutionGuid = {86516EAE-687A-4032-89EC-CB0D329C9869}
	EndGlobalSection
EndGlobal
